// !$*UTF8*$!
{
	archiveVersion = 1;
	classes = {
	};
	objectVersion = 46;
	objects = {

/* Begin PBXBuildFile section */
		6525EE8F1AA74C0D00CC5AEE /* AppDelegate.swift in Sources */ = {isa = PBXBuildFile; fileRef = 6525EE8E1AA74C0D00CC5AEE /* AppDelegate.swift */; };
		6525EE981AA74C0D00CC5AEE /* Main.storyboard in Resources */ = {isa = PBXBuildFile; fileRef = 6525EE961AA74C0D00CC5AEE /* Main.storyboard */; };
		6525EEA91AA74C0D00CC5AEE /* WITTests.swift in Sources */ = {isa = PBXBuildFile; fileRef = 6525EEA81AA74C0D00CC5AEE /* WITTests.swift */; };
		6525EEC61AA74C6B00CC5AEE /* GameScene.swift in Sources */ = {isa = PBXBuildFile; fileRef = 6525EEC41AA74C6B00CC5AEE /* GameScene.swift */; };
		6525EEC71AA74C6B00CC5AEE /* GameViewController.swift in Sources */ = {isa = PBXBuildFile; fileRef = 6525EEC51AA74C6B00CC5AEE /* GameViewController.swift */; };
		65E1C6511AB056B1006F364C /* backGround.png in Resources */ = {isa = PBXBuildFile; fileRef = 65E1C6381AB056B1006F364C /* backGround.png */; };
		65E1C6521AB056B1006F364C /* blueArrowDown.png in Resources */ = {isa = PBXBuildFile; fileRef = 65E1C6391AB056B1006F364C /* blueArrowDown.png */; };
		65E1C6531AB056B1006F364C /* blueArrowLeft.png in Resources */ = {isa = PBXBuildFile; fileRef = 65E1C63A1AB056B1006F364C /* blueArrowLeft.png */; };
		65E1C6541AB056B1006F364C /* blueArrowRight.png in Resources */ = {isa = PBXBuildFile; fileRef = 65E1C63B1AB056B1006F364C /* blueArrowRight.png */; };
		65E1C6551AB056B1006F364C /* blueArrowUp.png in Resources */ = {isa = PBXBuildFile; fileRef = 65E1C63C1AB056B1006F364C /* blueArrowUp.png */; };
		65E1C6561AB056B1006F364C /* blueCircle.png in Resources */ = {isa = PBXBuildFile; fileRef = 65E1C63D1AB056B1006F364C /* blueCircle.png */; };
		65E1C6571AB056B1006F364C /* greenArrowDown.png in Resources */ = {isa = PBXBuildFile; fileRef = 65E1C63E1AB056B1006F364C /* greenArrowDown.png */; };
		65E1C6581AB056B1006F364C /* greenArrowLeft.png in Resources */ = {isa = PBXBuildFile; fileRef = 65E1C63F1AB056B1006F364C /* greenArrowLeft.png */; };
		65E1C6591AB056B1006F364C /* greenArrowRight.png in Resources */ = {isa = PBXBuildFile; fileRef = 65E1C6401AB056B1006F364C /* greenArrowRight.png */; };
		65E1C65A1AB056B1006F364C /* greenArrowUp.png in Resources */ = {isa = PBXBuildFile; fileRef = 65E1C6411AB056B1006F364C /* greenArrowUp.png */; };
		65E1C65B1AB056B1006F364C /* greenCircle.png in Resources */ = {isa = PBXBuildFile; fileRef = 65E1C6421AB056B1006F364C /* greenCircle.png */; };
		65E1C65C1AB056B1006F364C /* greenSquare.png in Resources */ = {isa = PBXBuildFile; fileRef = 65E1C6431AB056B1006F364C /* greenSquare.png */; };
		65E1C65D1AB056B1006F364C /* questionMark.png in Resources */ = {isa = PBXBuildFile; fileRef = 65E1C6441AB056B1006F364C /* questionMark.png */; };
		65E1C65E1AB056B1006F364C /* redArrowDown.png in Resources */ = {isa = PBXBuildFile; fileRef = 65E1C6451AB056B1006F364C /* redArrowDown.png */; };
		65E1C65F1AB056B1006F364C /* redArrowLeft.png in Resources */ = {isa = PBXBuildFile; fileRef = 65E1C6461AB056B1006F364C /* redArrowLeft.png */; };
		65E1C6601AB056B1006F364C /* redArrowRight.png in Resources */ = {isa = PBXBuildFile; fileRef = 65E1C6471AB056B1006F364C /* redArrowRight.png */; };
		65E1C6611AB056B1006F364C /* redArrowUp.png in Resources */ = {isa = PBXBuildFile; fileRef = 65E1C6481AB056B1006F364C /* redArrowUp.png */; };
		65E1C6621AB056B1006F364C /* redCircle.png in Resources */ = {isa = PBXBuildFile; fileRef = 65E1C6491AB056B1006F364C /* redCircle.png */; };
		65E1C6631AB056B1006F364C /* redTriangle.png in Resources */ = {isa = PBXBuildFile; fileRef = 65E1C64A1AB056B1006F364C /* redTriangle.png */; };
		65E1C6641AB056B1006F364C /* yellowArrowDown.png in Resources */ = {isa = PBXBuildFile; fileRef = 65E1C64B1AB056B1006F364C /* yellowArrowDown.png */; };
		65E1C6651AB056B1006F364C /* yellowArrowLeft.png in Resources */ = {isa = PBXBuildFile; fileRef = 65E1C64C1AB056B1006F364C /* yellowArrowLeft.png */; };
		65E1C6661AB056B1006F364C /* yellowArrowRight.png in Resources */ = {isa = PBXBuildFile; fileRef = 65E1C64D1AB056B1006F364C /* yellowArrowRight.png */; };
		65E1C6671AB056B1006F364C /* yellowArrowUp.png in Resources */ = {isa = PBXBuildFile; fileRef = 65E1C64E1AB056B1006F364C /* yellowArrowUp.png */; };
		65E1C6681AB056B1006F364C /* yellowCircle.png in Resources */ = {isa = PBXBuildFile; fileRef = 65E1C64F1AB056B1006F364C /* yellowCircle.png */; };
		65E1C6691AB056B1006F364C /* yellowStar.png in Resources */ = {isa = PBXBuildFile; fileRef = 65E1C6501AB056B1006F364C /* yellowStar.png */; };
		65EB10DB1AAF2FBC0064540F /* Images.xcassets in Resources */ = {isa = PBXBuildFile; fileRef = 65EB10DA1AAF2FBC0064540F /* Images.xcassets */; };
		65F518C81AB90EDD00CD496F /* vibrationOn.png in Resources */ = {isa = PBXBuildFile; fileRef = 65F518C61AB90EDD00CD496F /* vibrationOn.png */; };
		65F518C91AB90EDD00CD496F /* vibrationOff.png in Resources */ = {isa = PBXBuildFile; fileRef = 65F518C71AB90EDD00CD496F /* vibrationOff.png */; };
		65F518D41AB918E900CD496F /* musicOff.png in Resources */ = {isa = PBXBuildFile; fileRef = 65F518D21AB918E900CD496F /* musicOff.png */; };
		65F518D51AB918E900CD496F /* musicOn.png in Resources */ = {isa = PBXBuildFile; fileRef = 65F518D31AB918E900CD496F /* musicOn.png */; };
		65F5C4281AB12909001425D3 /* LaunchScreen.xib in Resources */ = {isa = PBXBuildFile; fileRef = 65F5C4261AB12909001425D3 /* LaunchScreen.xib */; };
/* End PBXBuildFile section */

/* Begin PBXContainerItemProxy section */
		6525EEA31AA74C0D00CC5AEE /* PBXContainerItemProxy */ = {
			isa = PBXContainerItemProxy;
			containerPortal = 6525EE811AA74C0D00CC5AEE /* Project object */;
			proxyType = 1;
			remoteGlobalIDString = 6525EE881AA74C0D00CC5AEE;
			remoteInfo = Game.WIT;
		};
/* End PBXContainerItemProxy section */

/* Begin PBXFileReference section */
		6525EE891AA74C0D00CC5AEE /* Game.WIT.app */ = {isa = PBXFileReference; explicitFileType = wrapper.application; includeInIndex = 0; path = Game.WIT.app; sourceTree = BUILT_PRODUCTS_DIR; };
		6525EE8D1AA74C0D00CC5AEE /* Info.plist */ = {isa = PBXFileReference; lastKnownFileType = text.plist.xml; path = Info.plist; sourceTree = "<group>"; };
		6525EE8E1AA74C0D00CC5AEE /* AppDelegate.swift */ = {isa = PBXFileReference; lastKnownFileType = sourcecode.swift; path = AppDelegate.swift; sourceTree = "<group>"; };
		6525EE971AA74C0D00CC5AEE /* Base */ = {isa = PBXFileReference; lastKnownFileType = file.storyboard; name = Base; path = Base.lproj/Main.storyboard; sourceTree = "<group>"; };
		6525EEA21AA74C0D00CC5AEE /* Game.WITTests.xctest */ = {isa = PBXFileReference; explicitFileType = wrapper.cfbundle; includeInIndex = 0; path = Game.WITTests.xctest; sourceTree = BUILT_PRODUCTS_DIR; };
		6525EEA71AA74C0D00CC5AEE /* Info.plist */ = {isa = PBXFileReference; lastKnownFileType = text.plist.xml; path = Info.plist; sourceTree = "<group>"; };
		6525EEA81AA74C0D00CC5AEE /* WITTests.swift */ = {isa = PBXFileReference; lastKnownFileType = sourcecode.swift; path = WITTests.swift; sourceTree = "<group>"; };
		6525EEC41AA74C6B00CC5AEE /* GameScene.swift */ = {isa = PBXFileReference; fileEncoding = 4; lastKnownFileType = sourcecode.swift; path = GameScene.swift; sourceTree = "<group>"; };
		6525EEC51AA74C6B00CC5AEE /* GameViewController.swift */ = {isa = PBXFileReference; fileEncoding = 4; lastKnownFileType = sourcecode.swift; path = GameViewController.swift; sourceTree = "<group>"; };
		65E1C6381AB056B1006F364C /* backGround.png */ = {isa = PBXFileReference; lastKnownFileType = image.png; path = backGround.png; sourceTree = "<group>"; };
		65E1C6391AB056B1006F364C /* blueArrowDown.png */ = {isa = PBXFileReference; lastKnownFileType = image.png; path = blueArrowDown.png; sourceTree = "<group>"; };
		65E1C63A1AB056B1006F364C /* blueArrowLeft.png */ = {isa = PBXFileReference; lastKnownFileType = image.png; path = blueArrowLeft.png; sourceTree = "<group>"; };
		65E1C63B1AB056B1006F364C /* blueArrowRight.png */ = {isa = PBXFileReference; lastKnownFileType = image.png; path = blueArrowRight.png; sourceTree = "<group>"; };
		65E1C63C1AB056B1006F364C /* blueArrowUp.png */ = {isa = PBXFileReference; lastKnownFileType = image.png; path = blueArrowUp.png; sourceTree = "<group>"; };
		65E1C63D1AB056B1006F364C /* blueCircle.png */ = {isa = PBXFileReference; lastKnownFileType = image.png; path = blueCircle.png; sourceTree = "<group>"; };
		65E1C63E1AB056B1006F364C /* greenArrowDown.png */ = {isa = PBXFileReference; lastKnownFileType = image.png; path = greenArrowDown.png; sourceTree = "<group>"; };
		65E1C63F1AB056B1006F364C /* greenArrowLeft.png */ = {isa = PBXFileReference; lastKnownFileType = image.png; path = greenArrowLeft.png; sourceTree = "<group>"; };
		65E1C6401AB056B1006F364C /* greenArrowRight.png */ = {isa = PBXFileReference; lastKnownFileType = image.png; path = greenArrowRight.png; sourceTree = "<group>"; };
		65E1C6411AB056B1006F364C /* greenArrowUp.png */ = {isa = PBXFileReference; lastKnownFileType = image.png; path = greenArrowUp.png; sourceTree = "<group>"; };
		65E1C6421AB056B1006F364C /* greenCircle.png */ = {isa = PBXFileReference; lastKnownFileType = image.png; path = greenCircle.png; sourceTree = "<group>"; };
		65E1C6431AB056B1006F364C /* greenSquare.png */ = {isa = PBXFileReference; lastKnownFileType = image.png; path = greenSquare.png; sourceTree = "<group>"; };
		65E1C6441AB056B1006F364C /* questionMark.png */ = {isa = PBXFileReference; lastKnownFileType = image.png; path = questionMark.png; sourceTree = "<group>"; };
		65E1C6451AB056B1006F364C /* redArrowDown.png */ = {isa = PBXFileReference; lastKnownFileType = image.png; path = redArrowDown.png; sourceTree = "<group>"; };
		65E1C6461AB056B1006F364C /* redArrowLeft.png */ = {isa = PBXFileReference; lastKnownFileType = image.png; path = redArrowLeft.png; sourceTree = "<group>"; };
		65E1C6471AB056B1006F364C /* redArrowRight.png */ = {isa = PBXFileReference; lastKnownFileType = image.png; path = redArrowRight.png; sourceTree = "<group>"; };
		65E1C6481AB056B1006F364C /* redArrowUp.png */ = {isa = PBXFileReference; lastKnownFileType = image.png; path = redArrowUp.png; sourceTree = "<group>"; };
		65E1C6491AB056B1006F364C /* redCircle.png */ = {isa = PBXFileReference; lastKnownFileType = image.png; path = redCircle.png; sourceTree = "<group>"; };
		65E1C64A1AB056B1006F364C /* redTriangle.png */ = {isa = PBXFileReference; lastKnownFileType = image.png; path = redTriangle.png; sourceTree = "<group>"; };
		65E1C64B1AB056B1006F364C /* yellowArrowDown.png */ = {isa = PBXFileReference; lastKnownFileType = image.png; path = yellowArrowDown.png; sourceTree = "<group>"; };
		65E1C64C1AB056B1006F364C /* yellowArrowLeft.png */ = {isa = PBXFileReference; lastKnownFileType = image.png; path = yellowArrowLeft.png; sourceTree = "<group>"; };
		65E1C64D1AB056B1006F364C /* yellowArrowRight.png */ = {isa = PBXFileReference; lastKnownFileType = image.png; path = yellowArrowRight.png; sourceTree = "<group>"; };
		65E1C64E1AB056B1006F364C /* yellowArrowUp.png */ = {isa = PBXFileReference; lastKnownFileType = image.png; path = yellowArrowUp.png; sourceTree = "<group>"; };
		65E1C64F1AB056B1006F364C /* yellowCircle.png */ = {isa = PBXFileReference; lastKnownFileType = image.png; path = yellowCircle.png; sourceTree = "<group>"; };
		65E1C6501AB056B1006F364C /* yellowStar.png */ = {isa = PBXFileReference; lastKnownFileType = image.png; path = yellowStar.png; sourceTree = "<group>"; };
		65EB10DA1AAF2FBC0064540F /* Images.xcassets */ = {isa = PBXFileReference; lastKnownFileType = folder.assetcatalog; path = Images.xcassets; sourceTree = "<group>"; };
		65F518C61AB90EDD00CD496F /* vibrationOn.png */ = {isa = PBXFileReference; lastKnownFileType = image.png; path = vibrationOn.png; sourceTree = "<group>"; };
		65F518C71AB90EDD00CD496F /* vibrationOff.png */ = {isa = PBXFileReference; lastKnownFileType = image.png; path = vibrationOff.png; sourceTree = "<group>"; };
		65F518D21AB918E900CD496F /* musicOff.png */ = {isa = PBXFileReference; lastKnownFileType = image.png; path = musicOff.png; sourceTree = "<group>"; };
		65F518D31AB918E900CD496F /* musicOn.png */ = {isa = PBXFileReference; lastKnownFileType = image.png; path = musicOn.png; sourceTree = "<group>"; };
		65F5C4271AB12909001425D3 /* Base */ = {isa = PBXFileReference; lastKnownFileType = file.xib; name = Base; path = Base.lproj/LaunchScreen.xib; sourceTree = "<group>"; };
/* End PBXFileReference section */

/* Begin PBXFrameworksBuildPhase section */
		6525EE861AA74C0D00CC5AEE /* Frameworks */ = {
			isa = PBXFrameworksBuildPhase;
			buildActionMask = 2147483647;
			files = (
			);
			runOnlyForDeploymentPostprocessing = 0;
		};
		6525EE9F1AA74C0D00CC5AEE /* Frameworks */ = {
			isa = PBXFrameworksBuildPhase;
			buildActionMask = 2147483647;
			files = (
			);
			runOnlyForDeploymentPostprocessing = 0;
		};
/* End PBXFrameworksBuildPhase section */

/* Begin PBXGroup section */
		6525EE801AA74C0D00CC5AEE = {
			isa = PBXGroup;
			children = (
				6525EE8B1AA74C0D00CC5AEE /* WIT */,
				6525EEA51AA74C0D00CC5AEE /* WITTests */,
				6525EE8A1AA74C0D00CC5AEE /* Products */,
			);
			sourceTree = "<group>";
		};
		6525EE8A1AA74C0D00CC5AEE /* Products */ = {
			isa = PBXGroup;
			children = (
				6525EE891AA74C0D00CC5AEE /* Game.WIT.app */,
				6525EEA21AA74C0D00CC5AEE /* Game.WITTests.xctest */,
			);
			name = Products;
			sourceTree = "<group>";
		};
		6525EE8B1AA74C0D00CC5AEE /* WIT */ = {
			isa = PBXGroup;
			children = (
				6525EE8E1AA74C0D00CC5AEE /* AppDelegate.swift */,
				6525EEC41AA74C6B00CC5AEE /* GameScene.swift */,
				6525EEC51AA74C6B00CC5AEE /* GameViewController.swift */,
				6525EE961AA74C0D00CC5AEE /* Main.storyboard */,
				65EB10DA1AAF2FBC0064540F /* Images.xcassets */,
				65F5C4261AB12909001425D3 /* LaunchScreen.xib */,
				6525EE8C1AA74C0D00CC5AEE /* Supporting Files */,
			);
			name = WIT;
			path = Game.WIT;
			sourceTree = "<group>";
		};
		6525EE8C1AA74C0D00CC5AEE /* Supporting Files */ = {
			isa = PBXGroup;
			children = (
				65E1C6381AB056B1006F364C /* backGround.png */,
				65F518C61AB90EDD00CD496F /* vibrationOn.png */,
				65F518C71AB90EDD00CD496F /* vibrationOff.png */,
				65F518D21AB918E900CD496F /* musicOff.png */,
				65F518D31AB918E900CD496F /* musicOn.png */,
				65E1C6391AB056B1006F364C /* blueArrowDown.png */,
				65E1C63A1AB056B1006F364C /* blueArrowLeft.png */,
				65E1C63B1AB056B1006F364C /* blueArrowRight.png */,
				65E1C63C1AB056B1006F364C /* blueArrowUp.png */,
				65E1C63D1AB056B1006F364C /* blueCircle.png */,
				65E1C63E1AB056B1006F364C /* greenArrowDown.png */,
				65E1C63F1AB056B1006F364C /* greenArrowLeft.png */,
				65E1C6401AB056B1006F364C /* greenArrowRight.png */,
				65E1C6411AB056B1006F364C /* greenArrowUp.png */,
				65E1C6421AB056B1006F364C /* greenCircle.png */,
				65E1C6431AB056B1006F364C /* greenSquare.png */,
				65E1C6441AB056B1006F364C /* questionMark.png */,
				65E1C6451AB056B1006F364C /* redArrowDown.png */,
				65E1C6461AB056B1006F364C /* redArrowLeft.png */,
				65E1C6471AB056B1006F364C /* redArrowRight.png */,
				65E1C6481AB056B1006F364C /* redArrowUp.png */,
				65E1C6491AB056B1006F364C /* redCircle.png */,
				65E1C64A1AB056B1006F364C /* redTriangle.png */,
				65E1C64B1AB056B1006F364C /* yellowArrowDown.png */,
				65E1C64C1AB056B1006F364C /* yellowArrowLeft.png */,
				65E1C64D1AB056B1006F364C /* yellowArrowRight.png */,
				65E1C64E1AB056B1006F364C /* yellowArrowUp.png */,
				65E1C64F1AB056B1006F364C /* yellowCircle.png */,
				65E1C6501AB056B1006F364C /* yellowStar.png */,
				6525EE8D1AA74C0D00CC5AEE /* Info.plist */,
			);
			name = "Supporting Files";
			sourceTree = "<group>";
		};
		6525EEA51AA74C0D00CC5AEE /* WITTests */ = {
			isa = PBXGroup;
			children = (
				6525EEA81AA74C0D00CC5AEE /* WITTests.swift */,
				6525EEA61AA74C0D00CC5AEE /* Supporting Files */,
			);
			name = WITTests;
			path = Game.WITTests;
			sourceTree = "<group>";
		};
		6525EEA61AA74C0D00CC5AEE /* Supporting Files */ = {
			isa = PBXGroup;
			children = (
				6525EEA71AA74C0D00CC5AEE /* Info.plist */,
			);
			name = "Supporting Files";
			sourceTree = "<group>";
		};
/* End PBXGroup section */

/* Begin PBXNativeTarget section */
		6525EE881AA74C0D00CC5AEE /* Game.WIT */ = {
			isa = PBXNativeTarget;
			buildConfigurationList = 6525EEAC1AA74C0D00CC5AEE /* Build configuration list for PBXNativeTarget "Game.WIT" */;
			buildPhases = (
				6525EE851AA74C0D00CC5AEE /* Sources */,
				6525EE861AA74C0D00CC5AEE /* Frameworks */,
				6525EE871AA74C0D00CC5AEE /* Resources */,
			);
			buildRules = (
			);
			dependencies = (
			);
			name = Game.WIT;
			productName = Game.WIT;
			productReference = 6525EE891AA74C0D00CC5AEE /* Game.WIT.app */;
			productType = "com.apple.product-type.application";
		};
		6525EEA11AA74C0D00CC5AEE /* Game.WITTests */ = {
			isa = PBXNativeTarget;
			buildConfigurationList = 6525EEAF1AA74C0D00CC5AEE /* Build configuration list for PBXNativeTarget "Game.WITTests" */;
			buildPhases = (
				6525EE9E1AA74C0D00CC5AEE /* Sources */,
				6525EE9F1AA74C0D00CC5AEE /* Frameworks */,
				6525EEA01AA74C0D00CC5AEE /* Resources */,
			);
			buildRules = (
			);
			dependencies = (
				6525EEA41AA74C0D00CC5AEE /* PBXTargetDependency */,
			);
			name = Game.WITTests;
			productName = Game.WITTests;
			productReference = 6525EEA21AA74C0D00CC5AEE /* Game.WITTests.xctest */;
			productType = "com.apple.product-type.bundle.unit-test";
		};
/* End PBXNativeTarget section */

/* Begin PBXProject section */
		6525EE811AA74C0D00CC5AEE /* Project object */ = {
			isa = PBXProject;
			attributes = {
				LastUpgradeCheck = 0610;
				ORGANIZATIONNAME = DanielChien;
				TargetAttributes = {
					6525EE881AA74C0D00CC5AEE = {
						CreatedOnToolsVersion = 6.1.1;
						DevelopmentTeam = 55V6ERRQ79;
					};
					6525EEA11AA74C0D00CC5AEE = {
						CreatedOnToolsVersion = 6.1.1;
						TestTargetID = 6525EE881AA74C0D00CC5AEE;
					};
				};
			};
			buildConfigurationList = 6525EE841AA74C0D00CC5AEE /* Build configuration list for PBXProject "Game.WIT" */;
			compatibilityVersion = "Xcode 3.2";
			developmentRegion = English;
			hasScannedForEncodings = 0;
			knownRegions = (
				en,
				Base,
			);
			mainGroup = 6525EE801AA74C0D00CC5AEE;
			productRefGroup = 6525EE8A1AA74C0D00CC5AEE /* Products */;
			projectDirPath = "";
			projectRoot = "";
			targets = (
				6525EE881AA74C0D00CC5AEE /* Game.WIT */,
				6525EEA11AA74C0D00CC5AEE /* Game.WITTests */,
			);
		};
/* End PBXProject section */

/* Begin PBXResourcesBuildPhase section */
		6525EE871AA74C0D00CC5AEE /* Resources */ = {
			isa = PBXResourcesBuildPhase;
			buildActionMask = 2147483647;
			files = (
				65E1C6671AB056B1006F364C /* yellowArrowUp.png in Resources */,
				65E1C65A1AB056B1006F364C /* greenArrowUp.png in Resources */,
				65E1C65C1AB056B1006F364C /* greenSquare.png in Resources */,
				65E1C6691AB056B1006F364C /* yellowStar.png in Resources */,
				65E1C6571AB056B1006F364C /* greenArrowDown.png in Resources */,
				65E1C6521AB056B1006F364C /* blueArrowDown.png in Resources */,
				65E1C6631AB056B1006F364C /* redTriangle.png in Resources */,
				65E1C6551AB056B1006F364C /* blueArrowUp.png in Resources */,
				65E1C65D1AB056B1006F364C /* questionMark.png in Resources */,
				65F518D41AB918E900CD496F /* musicOff.png in Resources */,
				65E1C6651AB056B1006F364C /* yellowArrowLeft.png in Resources */,
				65E1C6681AB056B1006F364C /* yellowCircle.png in Resources */,
				65E1C6531AB056B1006F364C /* blueArrowLeft.png in Resources */,
				65E1C6511AB056B1006F364C /* backGround.png in Resources */,
				65EB10DB1AAF2FBC0064540F /* Images.xcassets in Resources */,
				65E1C6601AB056B1006F364C /* redArrowRight.png in Resources */,
				65E1C65F1AB056B1006F364C /* redArrowLeft.png in Resources */,
				65F518C91AB90EDD00CD496F /* vibrationOff.png in Resources */,
				6525EE981AA74C0D00CC5AEE /* Main.storyboard in Resources */,
				65E1C65B1AB056B1006F364C /* greenCircle.png in Resources */,
				65E1C6591AB056B1006F364C /* greenArrowRight.png in Resources */,
				65E1C6581AB056B1006F364C /* greenArrowLeft.png in Resources */,
				65E1C6641AB056B1006F364C /* yellowArrowDown.png in Resources */,
				65F518C81AB90EDD00CD496F /* vibrationOn.png in Resources */,
				65E1C6661AB056B1006F364C /* yellowArrowRight.png in Resources */,
				65E1C6611AB056B1006F364C /* redArrowUp.png in Resources */,
				65E1C6561AB056B1006F364C /* blueCircle.png in Resources */,
				65F5C4281AB12909001425D3 /* LaunchScreen.xib in Resources */,
				65F518D51AB918E900CD496F /* musicOn.png in Resources */,
				65E1C6621AB056B1006F364C /* redCircle.png in Resources */,
				65E1C6541AB056B1006F364C /* blueArrowRight.png in Resources */,
				65E1C65E1AB056B1006F364C /* redArrowDown.png in Resources */,
			);
			runOnlyForDeploymentPostprocessing = 0;
		};
		6525EEA01AA74C0D00CC5AEE /* Resources */ = {
			isa = PBXResourcesBuildPhase;
			buildActionMask = 2147483647;
			files = (
			);
			runOnlyForDeploymentPostprocessing = 0;
		};
/* End PBXResourcesBuildPhase section */

/* Begin PBXSourcesBuildPhase section */
		6525EE851AA74C0D00CC5AEE /* Sources */ = {
			isa = PBXSourcesBuildPhase;
			buildActionMask = 2147483647;
			files = (
				6525EEC61AA74C6B00CC5AEE /* GameScene.swift in Sources */,
				6525EEC71AA74C6B00CC5AEE /* GameViewController.swift in Sources */,
				6525EE8F1AA74C0D00CC5AEE /* AppDelegate.swift in Sources */,
			);
			runOnlyForDeploymentPostprocessing = 0;
		};
		6525EE9E1AA74C0D00CC5AEE /* Sources */ = {
			isa = PBXSourcesBuildPhase;
			buildActionMask = 2147483647;
			files = (
				6525EEA91AA74C0D00CC5AEE /* WITTests.swift in Sources */,
			);
			runOnlyForDeploymentPostprocessing = 0;
		};
/* End PBXSourcesBuildPhase section */

/* Begin PBXTargetDependency section */
		6525EEA41AA74C0D00CC5AEE /* PBXTargetDependency */ = {
			isa = PBXTargetDependency;
			target = 6525EE881AA74C0D00CC5AEE /* Game.WIT */;
			targetProxy = 6525EEA31AA74C0D00CC5AEE /* PBXContainerItemProxy */;
		};
/* End PBXTargetDependency section */

/* Begin PBXVariantGroup section */
		6525EE961AA74C0D00CC5AEE /* Main.storyboard */ = {
			isa = PBXVariantGroup;
			children = (
				6525EE971AA74C0D00CC5AEE /* Base */,
			);
			name = Main.storyboard;
			sourceTree = "<group>";
		};
		65F5C4261AB12909001425D3 /* LaunchScreen.xib */ = {
			isa = PBXVariantGroup;
			children = (
				65F5C4271AB12909001425D3 /* Base */,
			);
			name = LaunchScreen.xib;
			sourceTree = "<group>";
		};
/* End PBXVariantGroup section */

/* Begin XCBuildConfiguration section */
		6525EEAA1AA74C0D00CC5AEE /* Debug */ = {
			isa = XCBuildConfiguration;
			buildSettings = {
				ALWAYS_SEARCH_USER_PATHS = NO;
				CLANG_CXX_LANGUAGE_STANDARD = "gnu++0x";
				CLANG_CXX_LIBRARY = "libc++";
				CLANG_ENABLE_MODULES = YES;
				CLANG_ENABLE_OBJC_ARC = YES;
				CLANG_WARN_BOOL_CONVERSION = YES;
				CLANG_WARN_CONSTANT_CONVERSION = YES;
				CLANG_WARN_DIRECT_OBJC_ISA_USAGE = YES_ERROR;
				CLANG_WARN_EMPTY_BODY = YES;
				CLANG_WARN_ENUM_CONVERSION = YES;
				CLANG_WARN_INT_CONVERSION = YES;
				CLANG_WARN_OBJC_ROOT_CLASS = YES_ERROR;
				CLANG_WARN_UNREACHABLE_CODE = YES;
				CLANG_WARN__DUPLICATE_METHOD_MATCH = YES;
				"CODE_SIGN_IDENTITY[sdk=iphoneos*]" = "iPhone Developer";
				COPY_PHASE_STRIP = NO;
				ENABLE_STRICT_OBJC_MSGSEND = YES;
				GCC_C_LANGUAGE_STANDARD = gnu99;
				GCC_DYNAMIC_NO_PIC = NO;
				GCC_OPTIMIZATION_LEVEL = 0;
				GCC_PREPROCESSOR_DEFINITIONS = (
					"DEBUG=1",
					"$(inherited)",
				);
				GCC_SYMBOLS_PRIVATE_EXTERN = NO;
				GCC_WARN_64_TO_32_BIT_CONVERSION = YES;
				GCC_WARN_ABOUT_RETURN_TYPE = YES_ERROR;
				GCC_WARN_UNDECLARED_SELECTOR = YES;
				GCC_WARN_UNINITIALIZED_AUTOS = YES_AGGRESSIVE;
				GCC_WARN_UNUSED_FUNCTION = YES;
				GCC_WARN_UNUSED_VARIABLE = YES;
				IPHONEOS_DEPLOYMENT_TARGET = 8.1;
				MTL_ENABLE_DEBUG_INFO = YES;
				ONLY_ACTIVE_ARCH = YES;
				SDKROOT = iphoneos;
				SWIFT_OPTIMIZATION_LEVEL = "-Onone";
			};
			name = Debug;
		};
		6525EEAB1AA74C0D00CC5AEE /* Release */ = {
			isa = XCBuildConfiguration;
			buildSettings = {
				ALWAYS_SEARCH_USER_PATHS = NO;
				CLANG_CXX_LANGUAGE_STANDARD = "gnu++0x";
				CLANG_CXX_LIBRARY = "libc++";
				CLANG_ENABLE_MODULES = YES;
				CLANG_ENABLE_OBJC_ARC = YES;
				CLANG_WARN_BOOL_CONVERSION = YES;
				CLANG_WARN_CONSTANT_CONVERSION = YES;
				CLANG_WARN_DIRECT_OBJC_ISA_USAGE = YES_ERROR;
				CLANG_WARN_EMPTY_BODY = YES;
				CLANG_WARN_ENUM_CONVERSION = YES;
				CLANG_WARN_INT_CONVERSION = YES;
				CLANG_WARN_OBJC_ROOT_CLASS = YES_ERROR;
				CLANG_WARN_UNREACHABLE_CODE = YES;
				CLANG_WARN__DUPLICATE_METHOD_MATCH = YES;
				"CODE_SIGN_IDENTITY[sdk=iphoneos*]" = "iPhone Developer";
				COPY_PHASE_STRIP = YES;
				ENABLE_NS_ASSERTIONS = NO;
				ENABLE_STRICT_OBJC_MSGSEND = YES;
				GCC_C_LANGUAGE_STANDARD = gnu99;
				GCC_WARN_64_TO_32_BIT_CONVERSION = YES;
				GCC_WARN_ABOUT_RETURN_TYPE = YES_ERROR;
				GCC_WARN_UNDECLARED_SELECTOR = YES;
				GCC_WARN_UNINITIALIZED_AUTOS = YES_AGGRESSIVE;
				GCC_WARN_UNUSED_FUNCTION = YES;
				GCC_WARN_UNUSED_VARIABLE = YES;
				IPHONEOS_DEPLOYMENT_TARGET = 8.1;
				MTL_ENABLE_DEBUG_INFO = NO;
				SDKROOT = iphoneos;
				VALIDATE_PRODUCT = YES;
			};
			name = Release;
		};
		6525EEAD1AA74C0D00CC5AEE /* Debug */ = {
			isa = XCBuildConfiguration;
			buildSettings = {
				ASSETCATALOG_COMPILER_APPICON_NAME = AppIcon;
				CODE_SIGN_IDENTITY = "iPhone Developer";
				"CODE_SIGN_IDENTITY[sdk=iphoneos*]" = "iPhone Developer";
				INFOPLIST_FILE = Game.WIT/Info.plist;
				LD_RUNPATH_SEARCH_PATHS = "$(inherited) @executable_path/Frameworks";
				PRODUCT_NAME = Game.WIT;
				PROVISIONING_PROFILE = "";
			};
			name = Debug;
		};
		6525EEAE1AA74C0D00CC5AEE /* Release */ = {
			isa = XCBuildConfiguration;
			buildSettings = {
				ASSETCATALOG_COMPILER_APPICON_NAME = AppIcon;
				CODE_SIGN_IDENTITY = "iPhone Developer";
				"CODE_SIGN_IDENTITY[sdk=iphoneos*]" = "iPhone Developer";
				INFOPLIST_FILE = Game.WIT/Info.plist;
				LD_RUNPATH_SEARCH_PATHS = "$(inherited) @executable_path/Frameworks";
				PRODUCT_NAME = Game.WIT;
				PROVISIONING_PROFILE = "";
			};
			name = Release;
		};
		6525EEB01AA74C0D00CC5AEE /* Debug */ = {
			isa = XCBuildConfiguration;
			buildSettings = {
				BUNDLE_LOADER = "$(TEST_HOST)";
				FRAMEWORK_SEARCH_PATHS = (
					"$(SDKROOT)/Developer/Library/Frameworks",
					"$(inherited)",
				);
				GCC_PREPROCESSOR_DEFINITIONS = (
					"DEBUG=1",
					"$(inherited)",
				);
				INFOPLIST_FILE = Game.WITTests/Info.plist;
				LD_RUNPATH_SEARCH_PATHS = "$(inherited) @executable_path/Frameworks @loader_path/Frameworks";
				PRODUCT_NAME = Game.WITTests;
				TEST_HOST = "$(BUILT_PRODUCTS_DIR)/Game.WIT.app/Game.WIT";
			};
			name = Debug;
		};
		6525EEB11AA74C0D00CC5AEE /* Release */ = {
			isa = XCBuildConfiguration;
			buildSettings = {
				BUNDLE_LOADER = "$(TEST_HOST)";
				FRAMEWORK_SEARCH_PATHS = (
					"$(SDKROOT)/Developer/Library/Frameworks",
					"$(inherited)",
				);
				INFOPLIST_FILE = Game.WITTests/Info.plist;
				LD_RUNPATH_SEARCH_PATHS = "$(inherited) @executable_path/Frameworks @loader_path/Frameworks";
				PRODUCT_NAME = Game.WITTests;
				TEST_HOST = "$(BUILT_PRODUCTS_DIR)/Game.WIT.app/Game.WIT";
			};
			name = Release;
		};
/* End XCBuildConfiguration section */

/* Begin XCConfigurationList section */
		6525EE841AA74C0D00CC5AEE /* Build configuration list for PBXProject "Game.WIT" */ = {
			isa = XCConfigurationList;
			buildConfigurations = (
				6525EEAA1AA74C0D00CC5AEE /* Debug */,
				6525EEAB1AA74C0D00CC5AEE /* Release */,
			);
			defaultConfigurationIsVisible = 0;
			defaultConfigurationName = Release;
		};
		6525EEAC1AA74C0D00CC5AEE /* Build configuration list for PBXNativeTarget "Game.WIT" */ = {
			isa = XCConfigurationList;
			buildConfigurations = (
				6525EEAD1AA74C0D00CC5AEE /* Debug */,
				6525EEAE1AA74C0D00CC5AEE /* Release */,
			);
			defaultConfigurationIsVisible = 0;
			defaultConfigurationName = Release;
		};
		6525EEAF1AA74C0D00CC5AEE /* Build configuration list for PBXNativeTarget "Game.WITTests" */ = {
			isa = XCConfigurationList;
			buildConfigurations = (
				6525EEB01AA74C0D00CC5AEE /* Debug */,
				6525EEB11AA74C0D00CC5AEE /* Release */,
			);
			defaultConfigurationIsVisible = 0;
			defaultConfigurationName = Release;
		};
/* End XCConfigurationList section */
	};
	rootObject = 6525EE811AA74C0D00CC5AEE /* Project object */;
}
